
Microsoft Visual Studio Solution File, Format Version 12.00
# Visual Studio Version 16
VisualStudioVersion = 16.0.808.4
MinimumVisualStudioVersion = 10.0.40219.1
Project("{FAE04EC0-301F-11D3-BF4B-00C04F79EFBC}") = "Unite.Web", "Unite.Web\Unite.Web.csproj", "{27FA376B-7B0A-481E-A191-4CF73F342DC9}"
EndProject
Global
	GlobalSection(SolutionConfigurationPlatforms) = preSolution
		Debug|Any CPU = Debug|Any CPU
		Release|Any CPU = Release|Any CPU
	EndGlobalSection
	GlobalSection(ProjectConfigurationPlatforms) = postSolution
		{27FA376B-7B0A-481E-A191-4CF73F342DC9}.Debug|Any CPU.ActiveCfg = Debug|Any CPU
		{27FA376B-7B0A-481E-A191-4CF73F342DC9}.Debug|Any CPU.Build.0 = Debug|Any CPU
		{27FA376B-7B0A-481E-A191-4CF73F342DC9}.Release|Any CPU.ActiveCfg = Release|Any CPU
		{27FA376B-7B0A-481E-A191-4CF73F342DC9}.Release|Any CPU.Build.0 = Release|Any CPU
	EndGlobalSection
	GlobalSection(SolutionProperties) = preSolution
		HideSolutionNode = FALSE
	EndGlobalSection
	GlobalSection(ExtensibilityGlobals) = postSolution
		SolutionGuid = {E440ABA1-678D-458D-8B28-B502969BF3FB}
	EndGlobalSection
EndGlobal
